
Microsoft Visual Studio Solution File, Format Version 12.00
# Visual Studio Version 16
VisualStudioVersion = 16.0.30413.136
MinimumVisualStudioVersion = 10.0.40219.1
Project("{FAE04EC0-301F-11D3-BF4B-00C04F79EFBC}") = "MyToyBlazorApp.Server", "MyToyBlazorApp\Server\MyToyBlazorApp.Server.csproj", "{8EB33008-9682-47F3-8927-B7C33C1CC5AD}"
EndProject
Project("{FAE04EC0-301F-11D3-BF4B-00C04F79EFBC}") = "MyToyBlazorApp.Client", "MyToyBlazorApp\Client\MyToyBlazorApp.Client.csproj", "{938C7F1B-5885-4607-AA05-5CC81D0DBC99}"
EndProject
Project("{FAE04EC0-301F-11D3-BF4B-00C04F79EFBC}") = "MyToyBlazorApp.Shared", "MyToyBlazorApp\Shared\MyToyBlazorApp.Shared.csproj", "{FABDA5B2-1757-4B2A-829F-E10A86C73F0A}"
EndProject
Global
	GlobalSection(SolutionConfigurationPlatforms) = preSolution
		Debug|Any CPU = Debug|Any CPU
		Release|Any CPU = Release|Any CPU
	EndGlobalSection
	GlobalSection(ProjectConfigurationPlatforms) = postSolution
		{8EB33008-9682-47F3-8927-B7C33C1CC5AD}.Debug|Any CPU.ActiveCfg = Debug|Any CPU
		{8EB33008-9682-47F3-8927-B7C33C1CC5AD}.Debug|Any CPU.Build.0 = Debug|Any CPU
		{8EB33008-9682-47F3-8927-B7C33C1CC5AD}.Release|Any CPU.ActiveCfg = Release|Any CPU
		{8EB33008-9682-47F3-8927-B7C33C1CC5AD}.Release|Any CPU.Build.0 = Release|Any CPU
		{938C7F1B-5885-4607-AA05-5CC81D0DBC99}.Debug|Any CPU.ActiveCfg = Debug|Any CPU
		{938C7F1B-5885-4607-AA05-5CC81D0DBC99}.Debug|Any CPU.Build.0 = Debug|Any CPU
		{938C7F1B-5885-4607-AA05-5CC81D0DBC99}.Release|Any CPU.ActiveCfg = Release|Any CPU
		{938C7F1B-5885-4607-AA05-5CC81D0DBC99}.Release|Any CPU.Build.0 = Release|Any CPU
		{FABDA5B2-1757-4B2A-829F-E10A86C73F0A}.Debug|Any CPU.ActiveCfg = Debug|Any CPU
		{FABDA5B2-1757-4B2A-829F-E10A86C73F0A}.Debug|Any CPU.Build.0 = Debug|Any CPU
		{FABDA5B2-1757-4B2A-829F-E10A86C73F0A}.Release|Any CPU.ActiveCfg = Release|Any CPU
		{FABDA5B2-1757-4B2A-829F-E10A86C73F0A}.Release|Any CPU.Build.0 = Release|Any CPU
	EndGlobalSection
	GlobalSection(SolutionProperties) = preSolution
		HideSolutionNode = FALSE
	EndGlobalSection
	GlobalSection(ExtensibilityGlobals) = postSolution
		SolutionGuid = {756431E8-D38E-41E9-988F-F756F3A3732A}
	EndGlobalSection
EndGlobal
